
Microsoft Visual Studio Solution File, Format Version 12.00
# Visual Studio Version 16
VisualStudioVersion = 16.0.31829.152
MinimumVisualStudioVersion = 10.0.40219.1
Project("{9A19103F-16F7-4668-BE54-9A1E7A4F7556}") = "EmployeeList", "EmployeeList\EmployeeList.csproj", "{CF594762-5E33-4F6A-9234-62472A024D7A}"
EndProject
Global
	GlobalSection(SolutionConfigurationPlatforms) = preSolution
		Debug|Any CPU = Debug|Any CPU
		Release|Any CPU = Release|Any CPU
	EndGlobalSection
	GlobalSection(ProjectConfigurationPlatforms) = postSolution
		{CF594762-5E33-4F6A-9234-62472A024D7A}.Debug|Any CPU.ActiveCfg = Debug|Any CPU
		{CF594762-5E33-4F6A-9234-62472A024D7A}.Debug|Any CPU.Build.0 = Debug|Any CPU
		{CF594762-5E33-4F6A-9234-62472A024D7A}.Release|Any CPU.ActiveCfg = Release|Any CPU
		{CF594762-5E33-4F6A-9234-62472A024D7A}.Release|Any CPU.Build.0 = Release|Any CPU
	EndGlobalSection
	GlobalSection(SolutionProperties) = preSolution
		HideSolutionNode = FALSE
	EndGlobalSection
	GlobalSection(ExtensibilityGlobals) = postSolution
		SolutionGuid = {F54962ED-5A61-4403-BE3D-259FA476893D}
	EndGlobalSection
EndGlobal
